
Microsoft Visual Studio Solution File, Format Version 12.00
# Visual Studio Version 16
VisualStudioVersion = 16.0.29123.89
MinimumVisualStudioVersion = 10.0.40219.1
Project("{9A19103F-16F7-4668-BE54-9A1E7A4F7556}") = "Synthesys.Plugins.OwaspZap", "Synthesys.Plugins.OwaspZap\Synthesys.Plugins.OwaspZap.csproj", "{A8EF4514-C735-4EFF-BF94-C75DF0B6AC56}"
EndProject
Project("{2150E333-8FDC-42A3-9474-1A3956D46DE8}") = "Synthesys Plugins", "Synthesys Plugins", "{56B0A048-2393-497A-B32C-F2ECD4CA7AF8}"
EndProject
Project("{9A19103F-16F7-4668-BE54-9A1E7A4F7556}") = "Synthesys.Plugins.Dummy", "Synthesys.Plugins.Dummy\Synthesys.Plugins.Dummy.csproj", "{11C121CB-A711-4DB1-9665-C4012EA39C3F}"
EndProject
Project("{9A19103F-16F7-4668-BE54-9A1E7A4F7556}") = "Synthesys.Plugins.AzureDevOps", "Synthesys.Plugins.AzureDevOps\Synthesys.Plugins.AzureDevOps.csproj", "{058F2396-13B2-4B0E-8FE6-743FF8CC5247}"
EndProject
Project("{9A19103F-16F7-4668-BE54-9A1E7A4F7556}") = "Synthesys.Plugins.Nmap", "Synthesys.Plugins.Nmap\Synthesys.Plugins.Nmap.csproj", "{14562301-C555-4B7D-8210-5343374018D8}"
EndProject
Project("{9A19103F-16F7-4668-BE54-9A1E7A4F7556}") = "Synthesys.Plugins.SQLMap", "Synthesys.Plugins.SQLMap\Synthesys.Plugins.SQLMap.csproj", "{8B01FEC1-1176-4C44-B4D7-8AA078EF60BE}"
EndProject
Project("{2150E333-8FDC-42A3-9474-1A3956D46DE8}") = "SMACD Core", "SMACD Core", "{5D968566-9536-4558-9686-AC107A79869D}"
EndProject
Project("{9A19103F-16F7-4668-BE54-9A1E7A4F7556}") = "SMACD.Artifacts", "SMACD.Artifacts\SMACD.Artifacts.csproj", "{1AF6E3DC-A941-4E18-8210-0CAB71D76CD3}"
EndProject
Project("{9A19103F-16F7-4668-BE54-9A1E7A4F7556}") = "Synthesys.SDK", "Synthesys.SDK\Synthesys.SDK.csproj", "{CBB92668-12D9-46A3-A561-87AFF5797C65}"
EndProject
Project("{9A19103F-16F7-4668-BE54-9A1E7A4F7556}") = "SMACD.Data", "SMACD.Data\SMACD.Data.csproj", "{21D39499-04F7-46F8-B13F-B5CF61C7901F}"
EndProject
Project("{9A19103F-16F7-4668-BE54-9A1E7A4F7556}") = "Synthesys.Plugins.Nikto", "Synthesys.Plugins.Nikto\Synthesys.Plugins.Nikto.csproj", "{80D3D0FB-7C54-4034-A8BC-9A3293B1694D}"
EndProject
Project("{9A19103F-16F7-4668-BE54-9A1E7A4F7556}") = "Synthesys", "Synthesys\Synthesys.csproj", "{F763E75D-08E4-4077-92AE-43A74DE40349}"
	ProjectSection(ProjectDependencies) = postProject
		{14562301-C555-4B7D-8210-5343374018D8} = {14562301-C555-4B7D-8210-5343374018D8}
		{A8EF4514-C735-4EFF-BF94-C75DF0B6AC56} = {A8EF4514-C735-4EFF-BF94-C75DF0B6AC56}
		{058F2396-13B2-4B0E-8FE6-743FF8CC5247} = {058F2396-13B2-4B0E-8FE6-743FF8CC5247}
		{8B01FEC1-1176-4C44-B4D7-8AA078EF60BE} = {8B01FEC1-1176-4C44-B4D7-8AA078EF60BE}
		{11C121CB-A711-4DB1-9665-C4012EA39C3F} = {11C121CB-A711-4DB1-9665-C4012EA39C3F}
		{80D3D0FB-7C54-4034-A8BC-9A3293B1694D} = {80D3D0FB-7C54-4034-A8BC-9A3293B1694D}
	EndProjectSection
EndProject
Project("{2150E333-8FDC-42A3-9474-1A3956D46DE8}") = "Tool - Synthesys (Vulnerability Scanner)", "Tool - Synthesys (Vulnerability Scanner)", "{408E378A-D08F-419F-B970-7BCC839510A5}"
EndProject
Project("{2150E333-8FDC-42A3-9474-1A3956D46DE8}") = "Tool - Compass (Data Management)", "Tool - Compass (Data Management)", "{A61D26B6-750B-4BD2-9248-CFDF38DF7379}"
EndProject
Project("{9A19103F-16F7-4668-BE54-9A1E7A4F7556}") = "Compass", "Compass\Compass.csproj", "{13799302-EB26-4C0C-8B98-C8CEFC426ACA}"
	ProjectSection(ProjectDependencies) = postProject
		{14562301-C555-4B7D-8210-5343374018D8} = {14562301-C555-4B7D-8210-5343374018D8}
		{A8EF4514-C735-4EFF-BF94-C75DF0B6AC56} = {A8EF4514-C735-4EFF-BF94-C75DF0B6AC56}
		{058F2396-13B2-4B0E-8FE6-743FF8CC5247} = {058F2396-13B2-4B0E-8FE6-743FF8CC5247}
		{8B01FEC1-1176-4C44-B4D7-8AA078EF60BE} = {8B01FEC1-1176-4C44-B4D7-8AA078EF60BE}
		{11C121CB-A711-4DB1-9665-C4012EA39C3F} = {11C121CB-A711-4DB1-9665-C4012EA39C3F}
		{80D3D0FB-7C54-4034-A8BC-9A3293B1694D} = {80D3D0FB-7C54-4034-A8BC-9A3293B1694D}
	EndProjectSection
EndProject
Project("{9A19103F-16F7-4668-BE54-9A1E7A4F7556}") = "SMACD.Artifacts.Views", "SMACD.Artifacts.Views\SMACD.Artifacts.Views.csproj", "{2405318B-79E2-4376-A68F-70D869002059}"
EndProject
Global
	GlobalSection(SolutionConfigurationPlatforms) = preSolution
		Debug|Any CPU = Debug|Any CPU
		Release|Any CPU = Release|Any CPU
	EndGlobalSection
	GlobalSection(ProjectConfigurationPlatforms) = postSolution
		{A8EF4514-C735-4EFF-BF94-C75DF0B6AC56}.Debug|Any CPU.ActiveCfg = Debug|Any CPU
		{A8EF4514-C735-4EFF-BF94-C75DF0B6AC56}.Debug|Any CPU.Build.0 = Debug|Any CPU
		{A8EF4514-C735-4EFF-BF94-C75DF0B6AC56}.Release|Any CPU.ActiveCfg = Release|Any CPU
		{A8EF4514-C735-4EFF-BF94-C75DF0B6AC56}.Release|Any CPU.Build.0 = Release|Any CPU
		{11C121CB-A711-4DB1-9665-C4012EA39C3F}.Debug|Any CPU.ActiveCfg = Debug|Any CPU
		{11C121CB-A711-4DB1-9665-C4012EA39C3F}.Debug|Any CPU.Build.0 = Debug|Any CPU
		{11C121CB-A711-4DB1-9665-C4012EA39C3F}.Release|Any CPU.ActiveCfg = Release|Any CPU
		{11C121CB-A711-4DB1-9665-C4012EA39C3F}.Release|Any CPU.Build.0 = Release|Any CPU
		{058F2396-13B2-4B0E-8FE6-743FF8CC5247}.Debug|Any CPU.ActiveCfg = Debug|Any CPU
		{058F2396-13B2-4B0E-8FE6-743FF8CC5247}.Debug|Any CPU.Build.0 = Debug|Any CPU
		{058F2396-13B2-4B0E-8FE6-743FF8CC5247}.Release|Any CPU.ActiveCfg = Release|Any CPU
		{058F2396-13B2-4B0E-8FE6-743FF8CC5247}.Release|Any CPU.Build.0 = Release|Any CPU
		{14562301-C555-4B7D-8210-5343374018D8}.Debug|Any CPU.ActiveCfg = Debug|Any CPU
		{14562301-C555-4B7D-8210-5343374018D8}.Debug|Any CPU.Build.0 = Debug|Any CPU
		{14562301-C555-4B7D-8210-5343374018D8}.Release|Any CPU.ActiveCfg = Release|Any CPU
		{14562301-C555-4B7D-8210-5343374018D8}.Release|Any CPU.Build.0 = Release|Any CPU
		{8B01FEC1-1176-4C44-B4D7-8AA078EF60BE}.Debug|Any CPU.ActiveCfg = Debug|Any CPU
		{8B01FEC1-1176-4C44-B4D7-8AA078EF60BE}.Debug|Any CPU.Build.0 = Debug|Any CPU
		{8B01FEC1-1176-4C44-B4D7-8AA078EF60BE}.Release|Any CPU.ActiveCfg = Release|Any CPU
		{8B01FEC1-1176-4C44-B4D7-8AA078EF60BE}.Release|Any CPU.Build.0 = Release|Any CPU
		{1AF6E3DC-A941-4E18-8210-0CAB71D76CD3}.Debug|Any CPU.ActiveCfg = Debug|Any CPU
		{1AF6E3DC-A941-4E18-8210-0CAB71D76CD3}.Debug|Any CPU.Build.0 = Debug|Any CPU
		{1AF6E3DC-A941-4E18-8210-0CAB71D76CD3}.Release|Any CPU.ActiveCfg = Release|Any CPU
		{1AF6E3DC-A941-4E18-8210-0CAB71D76CD3}.Release|Any CPU.Build.0 = Release|Any CPU
		{CBB92668-12D9-46A3-A561-87AFF5797C65}.Debug|Any CPU.ActiveCfg = Debug|Any CPU
		{CBB92668-12D9-46A3-A561-87AFF5797C65}.Debug|Any CPU.Build.0 = Debug|Any CPU
		{CBB92668-12D9-46A3-A561-87AFF5797C65}.Release|Any CPU.ActiveCfg = Release|Any CPU
		{CBB92668-12D9-46A3-A561-87AFF5797C65}.Release|Any CPU.Build.0 = Release|Any CPU
		{21D39499-04F7-46F8-B13F-B5CF61C7901F}.Debug|Any CPU.ActiveCfg = Debug|Any CPU
		{21D39499-04F7-46F8-B13F-B5CF61C7901F}.Debug|Any CPU.Build.0 = Debug|Any CPU
		{21D39499-04F7-46F8-B13F-B5CF61C7901F}.Release|Any CPU.ActiveCfg = Release|Any CPU
		{21D39499-04F7-46F8-B13F-B5CF61C7901F}.Release|Any CPU.Build.0 = Release|Any CPU
		{80D3D0FB-7C54-4034-A8BC-9A3293B1694D}.Debug|Any CPU.ActiveCfg = Debug|Any CPU
		{80D3D0FB-7C54-4034-A8BC-9A3293B1694D}.Debug|Any CPU.Build.0 = Debug|Any CPU
		{80D3D0FB-7C54-4034-A8BC-9A3293B1694D}.Release|Any CPU.ActiveCfg = Release|Any CPU
		{80D3D0FB-7C54-4034-A8BC-9A3293B1694D}.Release|Any CPU.Build.0 = Release|Any CPU
		{F763E75D-08E4-4077-92AE-43A74DE40349}.Debug|Any CPU.ActiveCfg = Debug|Any CPU
		{F763E75D-08E4-4077-92AE-43A74DE40349}.Debug|Any CPU.Build.0 = Debug|Any CPU
		{F763E75D-08E4-4077-92AE-43A74DE40349}.Release|Any CPU.ActiveCfg = Release|Any CPU
		{F763E75D-08E4-4077-92AE-43A74DE40349}.Release|Any CPU.Build.0 = Release|Any CPU
		{13799302-EB26-4C0C-8B98-C8CEFC426ACA}.Debug|Any CPU.ActiveCfg = Debug|Any CPU
		{13799302-EB26-4C0C-8B98-C8CEFC426ACA}.Debug|Any CPU.Build.0 = Debug|Any CPU
		{13799302-EB26-4C0C-8B98-C8CEFC426ACA}.Release|Any CPU.ActiveCfg = Release|Any CPU
		{13799302-EB26-4C0C-8B98-C8CEFC426ACA}.Release|Any CPU.Build.0 = Release|Any CPU
		{2405318B-79E2-4376-A68F-70D869002059}.Debug|Any CPU.ActiveCfg = Debug|Any CPU
		{2405318B-79E2-4376-A68F-70D869002059}.Debug|Any CPU.Build.0 = Debug|Any CPU
		{2405318B-79E2-4376-A68F-70D869002059}.Release|Any CPU.ActiveCfg = Release|Any CPU
		{2405318B-79E2-4376-A68F-70D869002059}.Release|Any CPU.Build.0 = Release|Any CPU
	EndGlobalSection
	GlobalSection(SolutionProperties) = preSolution
		HideSolutionNode = FALSE
	EndGlobalSection
	GlobalSection(NestedProjects) = preSolution
		{A8EF4514-C735-4EFF-BF94-C75DF0B6AC56} = {56B0A048-2393-497A-B32C-F2ECD4CA7AF8}
		{56B0A048-2393-497A-B32C-F2ECD4CA7AF8} = {408E378A-D08F-419F-B970-7BCC839510A5}
		{11C121CB-A711-4DB1-9665-C4012EA39C3F} = {56B0A048-2393-497A-B32C-F2ECD4CA7AF8}
		{058F2396-13B2-4B0E-8FE6-743FF8CC5247} = {56B0A048-2393-497A-B32C-F2ECD4CA7AF8}
		{14562301-C555-4B7D-8210-5343374018D8} = {56B0A048-2393-497A-B32C-F2ECD4CA7AF8}
		{8B01FEC1-1176-4C44-B4D7-8AA078EF60BE} = {56B0A048-2393-497A-B32C-F2ECD4CA7AF8}
		{1AF6E3DC-A941-4E18-8210-0CAB71D76CD3} = {5D968566-9536-4558-9686-AC107A79869D}
		{CBB92668-12D9-46A3-A561-87AFF5797C65} = {408E378A-D08F-419F-B970-7BCC839510A5}
		{21D39499-04F7-46F8-B13F-B5CF61C7901F} = {5D968566-9536-4558-9686-AC107A79869D}
		{80D3D0FB-7C54-4034-A8BC-9A3293B1694D} = {56B0A048-2393-497A-B32C-F2ECD4CA7AF8}
		{F763E75D-08E4-4077-92AE-43A74DE40349} = {408E378A-D08F-419F-B970-7BCC839510A5}
		{13799302-EB26-4C0C-8B98-C8CEFC426ACA} = {A61D26B6-750B-4BD2-9248-CFDF38DF7379}
		{2405318B-79E2-4376-A68F-70D869002059} = {5D968566-9536-4558-9686-AC107A79869D}
	EndGlobalSection
	GlobalSection(ExtensibilityGlobals) = postSolution
		SolutionGuid = {73249C41-2490-4A52-B639-60FB96435BD4}
	EndGlobalSection
EndGlobal
