
Microsoft Visual Studio Solution File, Format Version 12.00
# Visual Studio Version 16
VisualStudioVersion = 16.0.29123.89
MinimumVisualStudioVersion = 10.0.40219.1
Project("{9A19103F-16F7-4668-BE54-9A1E7A4F7556}") = "SMACD.Plugins.OwaspZap", "SMACD.Plugins.OwaspZap\SMACD.Plugins.OwaspZap.csproj", "{A8EF4514-C735-4EFF-BF94-C75DF0B6AC56}"
EndProject
Project("{2150E333-8FDC-42A3-9474-1A3956D46DE8}") = "Plugins", "Plugins", "{56B0A048-2393-497A-B32C-F2ECD4CA7AF8}"
EndProject
Project("{9A19103F-16F7-4668-BE54-9A1E7A4F7556}") = "SMACD.Plugins.Dummy", "SMACD.Plugins.Dummy\SMACD.Plugins.Dummy.csproj", "{11C121CB-A711-4DB1-9665-C4012EA39C3F}"
EndProject
Project("{2150E333-8FDC-42A3-9474-1A3956D46DE8}") = "Tools", "Tools", "{0B676335-094A-4CD9-8771-789C6AD74393}"
EndProject
Project("{9A19103F-16F7-4668-BE54-9A1E7A4F7556}") = "SMACD.Plugins.AzureDevOps", "SMACD.Plugins.AzureDevOps\SMACD.Plugins.AzureDevOps.csproj", "{058F2396-13B2-4B0E-8FE6-743FF8CC5247}"
EndProject
Project("{9A19103F-16F7-4668-BE54-9A1E7A4F7556}") = "SMACD.Plugins.Nmap", "SMACD.Plugins.Nmap\SMACD.Plugins.Nmap.csproj", "{14562301-C555-4B7D-8210-5343374018D8}"
EndProject
Project("{9A19103F-16F7-4668-BE54-9A1E7A4F7556}") = "SMACD.Scanner", "SMACD.Scanner\SMACD.Scanner.csproj", "{EB180F69-924C-4AE9-AF93-654697066667}"
	ProjectSection(ProjectDependencies) = postProject
		{14562301-C555-4B7D-8210-5343374018D8} = {14562301-C555-4B7D-8210-5343374018D8}
		{A8EF4514-C735-4EFF-BF94-C75DF0B6AC56} = {A8EF4514-C735-4EFF-BF94-C75DF0B6AC56}
		{058F2396-13B2-4B0E-8FE6-743FF8CC5247} = {058F2396-13B2-4B0E-8FE6-743FF8CC5247}
		{11C121CB-A711-4DB1-9665-C4012EA39C3F} = {11C121CB-A711-4DB1-9665-C4012EA39C3F}
	EndProjectSection
EndProject
Project("{9A19103F-16F7-4668-BE54-9A1E7A4F7556}") = "SMACD.Plugins.SQLMap", "SMACD.Plugins.SQLMap\SMACD.Plugins.SQLMap.csproj", "{8B01FEC1-1176-4C44-B4D7-8AA078EF60BE}"
EndProject
Project("{2150E333-8FDC-42A3-9474-1A3956D46DE8}") = "Core", "Core", "{5D968566-9536-4558-9686-AC107A79869D}"
EndProject
Project("{9A19103F-16F7-4668-BE54-9A1E7A4F7556}") = "SMACD.Artifacts", "SMACD.Artifacts\SMACD.Artifacts.csproj", "{1AF6E3DC-A941-4E18-8210-0CAB71D76CD3}"
EndProject
Project("{9A19103F-16F7-4668-BE54-9A1E7A4F7556}") = "SMACD.SDK", "SMACD.SDK\SMACD.SDK.csproj", "{CBB92668-12D9-46A3-A561-87AFF5797C65}"
EndProject
Project("{9A19103F-16F7-4668-BE54-9A1E7A4F7556}") = "SMACD.ScanEngine", "SMACD.ScanEngine\SMACD.ScanEngine.csproj", "{293CF672-1FDD-41C3-88BB-630543007336}"
EndProject
Project("{9A19103F-16F7-4668-BE54-9A1E7A4F7556}") = "SMACD.Data", "SMACD.Data\SMACD.Data.csproj", "{21D39499-04F7-46F8-B13F-B5CF61C7901F}"
EndProject
Global
	GlobalSection(SolutionConfigurationPlatforms) = preSolution
		Debug|Any CPU = Debug|Any CPU
		Release|Any CPU = Release|Any CPU
	EndGlobalSection
	GlobalSection(ProjectConfigurationPlatforms) = postSolution
		{A8EF4514-C735-4EFF-BF94-C75DF0B6AC56}.Debug|Any CPU.ActiveCfg = Debug|Any CPU
		{A8EF4514-C735-4EFF-BF94-C75DF0B6AC56}.Debug|Any CPU.Build.0 = Debug|Any CPU
		{A8EF4514-C735-4EFF-BF94-C75DF0B6AC56}.Release|Any CPU.ActiveCfg = Release|Any CPU
		{A8EF4514-C735-4EFF-BF94-C75DF0B6AC56}.Release|Any CPU.Build.0 = Release|Any CPU
		{11C121CB-A711-4DB1-9665-C4012EA39C3F}.Debug|Any CPU.ActiveCfg = Debug|Any CPU
		{11C121CB-A711-4DB1-9665-C4012EA39C3F}.Debug|Any CPU.Build.0 = Debug|Any CPU
		{11C121CB-A711-4DB1-9665-C4012EA39C3F}.Release|Any CPU.ActiveCfg = Release|Any CPU
		{11C121CB-A711-4DB1-9665-C4012EA39C3F}.Release|Any CPU.Build.0 = Release|Any CPU
		{058F2396-13B2-4B0E-8FE6-743FF8CC5247}.Debug|Any CPU.ActiveCfg = Debug|Any CPU
		{058F2396-13B2-4B0E-8FE6-743FF8CC5247}.Debug|Any CPU.Build.0 = Debug|Any CPU
		{058F2396-13B2-4B0E-8FE6-743FF8CC5247}.Release|Any CPU.ActiveCfg = Release|Any CPU
		{058F2396-13B2-4B0E-8FE6-743FF8CC5247}.Release|Any CPU.Build.0 = Release|Any CPU
		{14562301-C555-4B7D-8210-5343374018D8}.Debug|Any CPU.ActiveCfg = Debug|Any CPU
		{14562301-C555-4B7D-8210-5343374018D8}.Debug|Any CPU.Build.0 = Debug|Any CPU
		{14562301-C555-4B7D-8210-5343374018D8}.Release|Any CPU.ActiveCfg = Release|Any CPU
		{14562301-C555-4B7D-8210-5343374018D8}.Release|Any CPU.Build.0 = Release|Any CPU
		{EB180F69-924C-4AE9-AF93-654697066667}.Debug|Any CPU.ActiveCfg = Debug|Any CPU
		{EB180F69-924C-4AE9-AF93-654697066667}.Debug|Any CPU.Build.0 = Debug|Any CPU
		{EB180F69-924C-4AE9-AF93-654697066667}.Release|Any CPU.ActiveCfg = Release|Any CPU
		{EB180F69-924C-4AE9-AF93-654697066667}.Release|Any CPU.Build.0 = Release|Any CPU
		{8B01FEC1-1176-4C44-B4D7-8AA078EF60BE}.Debug|Any CPU.ActiveCfg = Debug|Any CPU
		{8B01FEC1-1176-4C44-B4D7-8AA078EF60BE}.Debug|Any CPU.Build.0 = Debug|Any CPU
		{8B01FEC1-1176-4C44-B4D7-8AA078EF60BE}.Release|Any CPU.ActiveCfg = Release|Any CPU
		{8B01FEC1-1176-4C44-B4D7-8AA078EF60BE}.Release|Any CPU.Build.0 = Release|Any CPU
		{1AF6E3DC-A941-4E18-8210-0CAB71D76CD3}.Debug|Any CPU.ActiveCfg = Debug|Any CPU
		{1AF6E3DC-A941-4E18-8210-0CAB71D76CD3}.Debug|Any CPU.Build.0 = Debug|Any CPU
		{1AF6E3DC-A941-4E18-8210-0CAB71D76CD3}.Release|Any CPU.ActiveCfg = Release|Any CPU
		{1AF6E3DC-A941-4E18-8210-0CAB71D76CD3}.Release|Any CPU.Build.0 = Release|Any CPU
		{CBB92668-12D9-46A3-A561-87AFF5797C65}.Debug|Any CPU.ActiveCfg = Debug|Any CPU
		{CBB92668-12D9-46A3-A561-87AFF5797C65}.Debug|Any CPU.Build.0 = Debug|Any CPU
		{CBB92668-12D9-46A3-A561-87AFF5797C65}.Release|Any CPU.ActiveCfg = Release|Any CPU
		{CBB92668-12D9-46A3-A561-87AFF5797C65}.Release|Any CPU.Build.0 = Release|Any CPU
		{293CF672-1FDD-41C3-88BB-630543007336}.Debug|Any CPU.ActiveCfg = Debug|Any CPU
		{293CF672-1FDD-41C3-88BB-630543007336}.Debug|Any CPU.Build.0 = Debug|Any CPU
		{293CF672-1FDD-41C3-88BB-630543007336}.Release|Any CPU.ActiveCfg = Release|Any CPU
		{293CF672-1FDD-41C3-88BB-630543007336}.Release|Any CPU.Build.0 = Release|Any CPU
		{21D39499-04F7-46F8-B13F-B5CF61C7901F}.Debug|Any CPU.ActiveCfg = Debug|Any CPU
		{21D39499-04F7-46F8-B13F-B5CF61C7901F}.Debug|Any CPU.Build.0 = Debug|Any CPU
		{21D39499-04F7-46F8-B13F-B5CF61C7901F}.Release|Any CPU.ActiveCfg = Release|Any CPU
		{21D39499-04F7-46F8-B13F-B5CF61C7901F}.Release|Any CPU.Build.0 = Release|Any CPU
	EndGlobalSection
	GlobalSection(SolutionProperties) = preSolution
		HideSolutionNode = FALSE
	EndGlobalSection
	GlobalSection(NestedProjects) = preSolution
		{A8EF4514-C735-4EFF-BF94-C75DF0B6AC56} = {56B0A048-2393-497A-B32C-F2ECD4CA7AF8}
		{11C121CB-A711-4DB1-9665-C4012EA39C3F} = {56B0A048-2393-497A-B32C-F2ECD4CA7AF8}
		{058F2396-13B2-4B0E-8FE6-743FF8CC5247} = {56B0A048-2393-497A-B32C-F2ECD4CA7AF8}
		{14562301-C555-4B7D-8210-5343374018D8} = {56B0A048-2393-497A-B32C-F2ECD4CA7AF8}
		{EB180F69-924C-4AE9-AF93-654697066667} = {0B676335-094A-4CD9-8771-789C6AD74393}
		{8B01FEC1-1176-4C44-B4D7-8AA078EF60BE} = {56B0A048-2393-497A-B32C-F2ECD4CA7AF8}
		{1AF6E3DC-A941-4E18-8210-0CAB71D76CD3} = {5D968566-9536-4558-9686-AC107A79869D}
		{CBB92668-12D9-46A3-A561-87AFF5797C65} = {5D968566-9536-4558-9686-AC107A79869D}
		{293CF672-1FDD-41C3-88BB-630543007336} = {5D968566-9536-4558-9686-AC107A79869D}
		{21D39499-04F7-46F8-B13F-B5CF61C7901F} = {5D968566-9536-4558-9686-AC107A79869D}
	EndGlobalSection
	GlobalSection(ExtensibilityGlobals) = postSolution
		SolutionGuid = {73249C41-2490-4A52-B639-60FB96435BD4}
	EndGlobalSection
EndGlobal
